{
  "name": "webcomponents-vanilla",
  "version": "1.0.2",
  "lockfileVersion": 1,
  "requires": true,
  "dependencies": {
    "decorator-class-update": {
      "version": "1.0.2",
      "resolved": "https://registry.npmjs.org/decorator-class-update/-/decorator-class-update-1.0.2.tgz",
      "integrity": "sha512-hqc573JHV58zoUaZhe8/TOJJHRoDMzspPxtxHaweKchLCvHr5UKECqkD+flCtRM/EMhoGVmuyuYu+spBteW0mw==",
      "dev": true
    }
  }
}
